
Microsoft Visual Studio Solution File, Format Version 12.00
# Visual Studio Version 17
VisualStudioVersion = 17.3.32922.545
MinimumVisualStudioVersion = 10.0.40219.1
Project("{9A19103F-16F7-4668-BE54-9A1E7A4F7556}") = "Marian_Alexandra_Lab2", "Marian_Alexandra_Lab2\Marian_Alexandra_Lab2.csproj", "{31585D91-4834-4569-A99E-90358B945502}"
EndProject
Project("{FAE04EC0-301F-11D3-BF4B-00C04F79EFBC}") = "LibraryModel", "LibraryModel\LibraryModel.csproj", "{B4525195-9428-4627-9714-60B43D3529C6}"
EndProject
Project("{FAE04EC0-301F-11D3-BF4B-00C04F79EFBC}") = "LibraryWebAPI", "LibraryWebAPI\LibraryWebAPI.csproj", "{3FD5B7EA-3C99-4385-912F-D3019DC2AC92}"
EndProject
Global
	GlobalSection(SolutionConfigurationPlatforms) = preSolution
		Debug|Any CPU = Debug|Any CPU
		Release|Any CPU = Release|Any CPU
	EndGlobalSection
	GlobalSection(ProjectConfigurationPlatforms) = postSolution
		{31585D91-4834-4569-A99E-90358B945502}.Debug|Any CPU.ActiveCfg = Debug|Any CPU
		{31585D91-4834-4569-A99E-90358B945502}.Debug|Any CPU.Build.0 = Debug|Any CPU
		{31585D91-4834-4569-A99E-90358B945502}.Release|Any CPU.ActiveCfg = Release|Any CPU
		{31585D91-4834-4569-A99E-90358B945502}.Release|Any CPU.Build.0 = Release|Any CPU
		{B4525195-9428-4627-9714-60B43D3529C6}.Debug|Any CPU.ActiveCfg = Debug|Any CPU
		{B4525195-9428-4627-9714-60B43D3529C6}.Debug|Any CPU.Build.0 = Debug|Any CPU
		{B4525195-9428-4627-9714-60B43D3529C6}.Release|Any CPU.ActiveCfg = Release|Any CPU
		{B4525195-9428-4627-9714-60B43D3529C6}.Release|Any CPU.Build.0 = Release|Any CPU
		{3FD5B7EA-3C99-4385-912F-D3019DC2AC92}.Debug|Any CPU.ActiveCfg = Debug|Any CPU
		{3FD5B7EA-3C99-4385-912F-D3019DC2AC92}.Debug|Any CPU.Build.0 = Debug|Any CPU
		{3FD5B7EA-3C99-4385-912F-D3019DC2AC92}.Release|Any CPU.ActiveCfg = Release|Any CPU
		{3FD5B7EA-3C99-4385-912F-D3019DC2AC92}.Release|Any CPU.Build.0 = Release|Any CPU
	EndGlobalSection
	GlobalSection(SolutionProperties) = preSolution
		HideSolutionNode = FALSE
	EndGlobalSection
	GlobalSection(ExtensibilityGlobals) = postSolution
		SolutionGuid = {E46DD263-0A13-4CE2-887F-F00A017F8377}
	EndGlobalSection
EndGlobal
